// !$*UTF8*$!
{
	archiveVersion = 1;
	classes = {
	};
	objectVersion = 46;
	objects = {

/* Begin PBXBuildFile section */
		C9B0AAB51BC03B4600C940BB /* AppDelegate.swift in Sources */ = {isa = PBXBuildFile; fileRef = C9B0AAB41BC03B4600C940BB /* AppDelegate.swift */; };
		C9B0AAB71BC03B4600C940BB /* ViewController.swift in Sources */ = {isa = PBXBuildFile; fileRef = C9B0AAB61BC03B4600C940BB /* ViewController.swift */; };
		C9B0AABA1BC03B4600C940BB /* Main.storyboard in Resources */ = {isa = PBXBuildFile; fileRef = C9B0AAB81BC03B4600C940BB /* Main.storyboard */; };
		C9B0AABC1BC03B4600C940BB /* Assets.xcassets in Resources */ = {isa = PBXBuildFile; fileRef = C9B0AABB1BC03B4600C940BB /* Assets.xcassets */; };
		C9B0AABF1BC03B4600C940BB /* LaunchScreen.storyboard in Resources */ = {isa = PBXBuildFile; fileRef = C9B0AABD1BC03B4600C940BB /* LaunchScreen.storyboard */; };
		C9B0AACA1BC03B4600C940BB /* HackRUTests.swift in Sources */ = {isa = PBXBuildFile; fileRef = C9B0AAC91BC03B4600C940BB /* HackRUTests.swift */; };
		C9B0AAD51BC03B4600C940BB /* HackRUUITests.swift in Sources */ = {isa = PBXBuildFile; fileRef = C9B0AAD41BC03B4600C940BB /* HackRUUITests.swift */; };
/* End PBXBuildFile section */

/* Begin PBXContainerItemProxy section */
		C9B0AAC61BC03B4600C940BB /* PBXContainerItemProxy */ = {
			isa = PBXContainerItemProxy;
			containerPortal = C9B0AAA91BC03B4600C940BB /* Project object */;
			proxyType = 1;
			remoteGlobalIDString = C9B0AAB01BC03B4600C940BB;
			remoteInfo = HackRU;
		};
		C9B0AAD11BC03B4600C940BB /* PBXContainerItemProxy */ = {
			isa = PBXContainerItemProxy;
			containerPortal = C9B0AAA91BC03B4600C940BB /* Project object */;
			proxyType = 1;
			remoteGlobalIDString = C9B0AAB01BC03B4600C940BB;
			remoteInfo = HackRU;
		};
/* End PBXContainerItemProxy section */

/* Begin PBXFileReference section */
		C9B0AAB11BC03B4600C940BB /* HackRU.app */ = {isa = PBXFileReference; explicitFileType = wrapper.application; includeInIndex = 0; path = HackRU.app; sourceTree = BUILT_PRODUCTS_DIR; };
		C9B0AAB41BC03B4600C940BB /* AppDelegate.swift */ = {isa = PBXFileReference; lastKnownFileType = sourcecode.swift; path = AppDelegate.swift; sourceTree = "<group>"; };
		C9B0AAB61BC03B4600C940BB /* ViewController.swift */ = {isa = PBXFileReference; lastKnownFileType = sourcecode.swift; path = ViewController.swift; sourceTree = "<group>"; };
		C9B0AAB91BC03B4600C940BB /* Base */ = {isa = PBXFileReference; lastKnownFileType = file.storyboard; name = Base; path = Base.lproj/Main.storyboard; sourceTree = "<group>"; };
		C9B0AABB1BC03B4600C940BB /* Assets.xcassets */ = {isa = PBXFileReference; lastKnownFileType = folder.assetcatalog; path = Assets.xcassets; sourceTree = "<group>"; };
		C9B0AABE1BC03B4600C940BB /* Base */ = {isa = PBXFileReference; lastKnownFileType = file.storyboard; name = Base; path = Base.lproj/LaunchScreen.storyboard; sourceTree = "<group>"; };
		C9B0AAC01BC03B4600C940BB /* Info.plist */ = {isa = PBXFileReference; lastKnownFileType = text.plist.xml; path = Info.plist; sourceTree = "<group>"; };
		C9B0AAC51BC03B4600C940BB /* HackRUTests.xctest */ = {isa = PBXFileReference; explicitFileType = wrapper.cfbundle; includeInIndex = 0; path = HackRUTests.xctest; sourceTree = BUILT_PRODUCTS_DIR; };
		C9B0AAC91BC03B4600C940BB /* HackRUTests.swift */ = {isa = PBXFileReference; lastKnownFileType = sourcecode.swift; path = HackRUTests.swift; sourceTree = "<group>"; };
		C9B0AACB1BC03B4600C940BB /* Info.plist */ = {isa = PBXFileReference; lastKnownFileType = text.plist.xml; path = Info.plist; sourceTree = "<group>"; };
		C9B0AAD01BC03B4600C940BB /* HackRUUITests.xctest */ = {isa = PBXFileReference; explicitFileType = wrapper.cfbundle; includeInIndex = 0; path = HackRUUITests.xctest; sourceTree = BUILT_PRODUCTS_DIR; };
		C9B0AAD41BC03B4600C940BB /* HackRUUITests.swift */ = {isa = PBXFileReference; lastKnownFileType = sourcecode.swift; path = HackRUUITests.swift; sourceTree = "<group>"; };
		C9B0AAD61BC03B4600C940BB /* Info.plist */ = {isa = PBXFileReference; lastKnownFileType = text.plist.xml; path = Info.plist; sourceTree = "<group>"; };
/* End PBXFileReference section */

/* Begin PBXFrameworksBuildPhase section */
		C9B0AAAE1BC03B4600C940BB /* Frameworks */ = {
			isa = PBXFrameworksBuildPhase;
			buildActionMask = 2147483647;
			files = (
			);
			runOnlyForDeploymentPostprocessing = 0;
		};
		C9B0AAC21BC03B4600C940BB /* Frameworks */ = {
			isa = PBXFrameworksBuildPhase;
			buildActionMask = 2147483647;
			files = (
			);
			runOnlyForDeploymentPostprocessing = 0;
		};
		C9B0AACD1BC03B4600C940BB /* Frameworks */ = {
			isa = PBXFrameworksBuildPhase;
			buildActionMask = 2147483647;
			files = (
			);
			runOnlyForDeploymentPostprocessing = 0;
		};
/* End PBXFrameworksBuildPhase section */

/* Begin PBXGroup section */
		C9B0AAA81BC03B4600C940BB = {
			isa = PBXGroup;
			children = (
				C9B0AAB31BC03B4600C940BB /* HackRU */,
				C9B0AAC81BC03B4600C940BB /* HackRUTests */,
				C9B0AAD31BC03B4600C940BB /* HackRUUITests */,
				C9B0AAB21BC03B4600C940BB /* Products */,
			);
			sourceTree = "<group>";
		};
		C9B0AAB21BC03B4600C940BB /* Products */ = {
			isa = PBXGroup;
			children = (
				C9B0AAB11BC03B4600C940BB /* HackRU.app */,
				C9B0AAC51BC03B4600C940BB /* HackRUTests.xctest */,
				C9B0AAD01BC03B4600C940BB /* HackRUUITests.xctest */,
			);
			name = Products;
			sourceTree = "<group>";
		};
		C9B0AAB31BC03B4600C940BB /* HackRU */ = {
			isa = PBXGroup;
			children = (
				C9B0AAB41BC03B4600C940BB /* AppDelegate.swift */,
				C9B0AAB61BC03B4600C940BB /* ViewController.swift */,
				C9B0AAB81BC03B4600C940BB /* Main.storyboard */,
				C9B0AABB1BC03B4600C940BB /* Assets.xcassets */,
				C9B0AABD1BC03B4600C940BB /* LaunchScreen.storyboard */,
				C9B0AAC01BC03B4600C940BB /* Info.plist */,
			);
			path = HackRU;
			sourceTree = "<group>";
		};
		C9B0AAC81BC03B4600C940BB /* HackRUTests */ = {
			isa = PBXGroup;
			children = (
				C9B0AAC91BC03B4600C940BB /* HackRUTests.swift */,
				C9B0AACB1BC03B4600C940BB /* Info.plist */,
			);
			path = HackRUTests;
			sourceTree = "<group>";
		};
		C9B0AAD31BC03B4600C940BB /* HackRUUITests */ = {
			isa = PBXGroup;
			children = (
				C9B0AAD41BC03B4600C940BB /* HackRUUITests.swift */,
				C9B0AAD61BC03B4600C940BB /* Info.plist */,
			);
			path = HackRUUITests;
			sourceTree = "<group>";
		};
/* End PBXGroup section */

/* Begin PBXNativeTarget section */
		C9B0AAB01BC03B4600C940BB /* HackRU */ = {
			isa = PBXNativeTarget;
			buildConfigurationList = C9B0AAD91BC03B4600C940BB /* Build configuration list for PBXNativeTarget "HackRU" */;
			buildPhases = (
				C9B0AAAD1BC03B4600C940BB /* Sources */,
				C9B0AAAE1BC03B4600C940BB /* Frameworks */,
				C9B0AAAF1BC03B4600C940BB /* Resources */,
			);
			buildRules = (
			);
			dependencies = (
			);
			name = HackRU;
			productName = HackRU;
			productReference = C9B0AAB11BC03B4600C940BB /* HackRU.app */;
			productType = "com.apple.product-type.application";
		};
		C9B0AAC41BC03B4600C940BB /* HackRUTests */ = {
			isa = PBXNativeTarget;
			buildConfigurationList = C9B0AADC1BC03B4600C940BB /* Build configuration list for PBXNativeTarget "HackRUTests" */;
			buildPhases = (
				C9B0AAC11BC03B4600C940BB /* Sources */,
				C9B0AAC21BC03B4600C940BB /* Frameworks */,
				C9B0AAC31BC03B4600C940BB /* Resources */,
			);
			buildRules = (
			);
			dependencies = (
				C9B0AAC71BC03B4600C940BB /* PBXTargetDependency */,
			);
			name = HackRUTests;
			productName = HackRUTests;
			productReference = C9B0AAC51BC03B4600C940BB /* HackRUTests.xctest */;
			productType = "com.apple.product-type.bundle.unit-test";
		};
		C9B0AACF1BC03B4600C940BB /* HackRUUITests */ = {
			isa = PBXNativeTarget;
			buildConfigurationList = C9B0AADF1BC03B4600C940BB /* Build configuration list for PBXNativeTarget "HackRUUITests" */;
			buildPhases = (
				C9B0AACC1BC03B4600C940BB /* Sources */,
				C9B0AACD1BC03B4600C940BB /* Frameworks */,
				C9B0AACE1BC03B4600C940BB /* Resources */,
			);
			buildRules = (
			);
			dependencies = (
				C9B0AAD21BC03B4600C940BB /* PBXTargetDependency */,
			);
			name = HackRUUITests;
			productName = HackRUUITests;
			productReference = C9B0AAD01BC03B4600C940BB /* HackRUUITests.xctest */;
			productType = "com.apple.product-type.bundle.ui-testing";
		};
/* End PBXNativeTarget section */

/* Begin PBXProject section */
		C9B0AAA91BC03B4600C940BB /* Project object */ = {
			isa = PBXProject;
			attributes = {
				LastUpgradeCheck = 0700;
				ORGANIZATIONNAME = "Adit Gupta";
				TargetAttributes = {
					C9B0AAB01BC03B4600C940BB = {
						CreatedOnToolsVersion = 7.0.1;
						DevelopmentTeam = 4KXQ867ZZR;
					};
					C9B0AAC41BC03B4600C940BB = {
						CreatedOnToolsVersion = 7.0.1;
						TestTargetID = C9B0AAB01BC03B4600C940BB;
					};
					C9B0AACF1BC03B4600C940BB = {
						CreatedOnToolsVersion = 7.0.1;
						TestTargetID = C9B0AAB01BC03B4600C940BB;
					};
				};
			};
			buildConfigurationList = C9B0AAAC1BC03B4600C940BB /* Build configuration list for PBXProject "HackRU" */;
			compatibilityVersion = "Xcode 3.2";
			developmentRegion = English;
			hasScannedForEncodings = 0;
			knownRegions = (
				en,
				Base,
			);
			mainGroup = C9B0AAA81BC03B4600C940BB;
			productRefGroup = C9B0AAB21BC03B4600C940BB /* Products */;
			projectDirPath = "";
			projectRoot = "";
			targets = (
				C9B0AAB01BC03B4600C940BB /* HackRU */,
				C9B0AAC41BC03B4600C940BB /* HackRUTests */,
				C9B0AACF1BC03B4600C940BB /* HackRUUITests */,
			);
		};
/* End PBXProject section */

/* Begin PBXResourcesBuildPhase section */
		C9B0AAAF1BC03B4600C940BB /* Resources */ = {
			isa = PBXResourcesBuildPhase;
			buildActionMask = 2147483647;
			files = (
				C9B0AABF1BC03B4600C940BB /* LaunchScreen.storyboard in Resources */,
				C9B0AABC1BC03B4600C940BB /* Assets.xcassets in Resources */,
				C9B0AABA1BC03B4600C940BB /* Main.storyboard in Resources */,
			);
			runOnlyForDeploymentPostprocessing = 0;
		};
		C9B0AAC31BC03B4600C940BB /* Resources */ = {
			isa = PBXResourcesBuildPhase;
			buildActionMask = 2147483647;
			files = (
			);
			runOnlyForDeploymentPostprocessing = 0;
		};
		C9B0AACE1BC03B4600C940BB /* Resources */ = {
			isa = PBXResourcesBuildPhase;
			buildActionMask = 2147483647;
			files = (
			);
			runOnlyForDeploymentPostprocessing = 0;
		};
/* End PBXResourcesBuildPhase section */

/* Begin PBXSourcesBuildPhase section */
		C9B0AAAD1BC03B4600C940BB /* Sources */ = {
			isa = PBXSourcesBuildPhase;
			buildActionMask = 2147483647;
			files = (
				C9B0AAB71BC03B4600C940BB /* ViewController.swift in Sources */,
				C9B0AAB51BC03B4600C940BB /* AppDelegate.swift in Sources */,
			);
			runOnlyForDeploymentPostprocessing = 0;
		};
		C9B0AAC11BC03B4600C940BB /* Sources */ = {
			isa = PBXSourcesBuildPhase;
			buildActionMask = 2147483647;
			files = (
				C9B0AACA1BC03B4600C940BB /* HackRUTests.swift in Sources */,
			);
			runOnlyForDeploymentPostprocessing = 0;
		};
		C9B0AACC1BC03B4600C940BB /* Sources */ = {
			isa = PBXSourcesBuildPhase;
			buildActionMask = 2147483647;
			files = (
				C9B0AAD51BC03B4600C940BB /* HackRUUITests.swift in Sources */,
			);
			runOnlyForDeploymentPostprocessing = 0;
		};
/* End PBXSourcesBuildPhase section */

/* Begin PBXTargetDependency section */
		C9B0AAC71BC03B4600C940BB /* PBXTargetDependency */ = {
			isa = PBXTargetDependency;
			target = C9B0AAB01BC03B4600C940BB /* HackRU */;
			targetProxy = C9B0AAC61BC03B4600C940BB /* PBXContainerItemProxy */;
		};
		C9B0AAD21BC03B4600C940BB /* PBXTargetDependency */ = {
			isa = PBXTargetDependency;
			target = C9B0AAB01BC03B4600C940BB /* HackRU */;
			targetProxy = C9B0AAD11BC03B4600C940BB /* PBXContainerItemProxy */;
		};
/* End PBXTargetDependency section */

/* Begin PBXVariantGroup section */
		C9B0AAB81BC03B4600C940BB /* Main.storyboard */ = {
			isa = PBXVariantGroup;
			children = (
				C9B0AAB91BC03B4600C940BB /* Base */,
			);
			name = Main.storyboard;
			sourceTree = "<group>";
		};
		C9B0AABD1BC03B4600C940BB /* LaunchScreen.storyboard */ = {
			isa = PBXVariantGroup;
			children = (
				C9B0AABE1BC03B4600C940BB /* Base */,
			);
			name = LaunchScreen.storyboard;
			sourceTree = "<group>";
		};
/* End PBXVariantGroup section */

/* Begin XCBuildConfiguration section */
		C9B0AAD71BC03B4600C940BB /* Debug */ = {
			isa = XCBuildConfiguration;
			buildSettings = {
				ALWAYS_SEARCH_USER_PATHS = NO;
				CLANG_CXX_LANGUAGE_STANDARD = "gnu++0x";
				CLANG_CXX_LIBRARY = "libc++";
				CLANG_ENABLE_MODULES = YES;
				CLANG_ENABLE_OBJC_ARC = YES;
				CLANG_WARN_BOOL_CONVERSION = YES;
				CLANG_WARN_CONSTANT_CONVERSION = YES;
				CLANG_WARN_DIRECT_OBJC_ISA_USAGE = YES_ERROR;
				CLANG_WARN_EMPTY_BODY = YES;
				CLANG_WARN_ENUM_CONVERSION = YES;
				CLANG_WARN_INT_CONVERSION = YES;
				CLANG_WARN_OBJC_ROOT_CLASS = YES_ERROR;
				CLANG_WARN_UNREACHABLE_CODE = YES;
				CLANG_WARN__DUPLICATE_METHOD_MATCH = YES;
				"CODE_SIGN_IDENTITY[sdk=iphoneos*]" = "iPhone Developer";
				COPY_PHASE_STRIP = NO;
				DEBUG_INFORMATION_FORMAT = dwarf;
				ENABLE_STRICT_OBJC_MSGSEND = YES;
				ENABLE_TESTABILITY = YES;
				GCC_C_LANGUAGE_STANDARD = gnu99;
				GCC_DYNAMIC_NO_PIC = NO;
				GCC_NO_COMMON_BLOCKS = YES;
				GCC_OPTIMIZATION_LEVEL = 0;
				GCC_PREPROCESSOR_DEFINITIONS = (
					"DEBUG=1",
					"$(inherited)",
				);
				GCC_WARN_64_TO_32_BIT_CONVERSION = YES;
				GCC_WARN_ABOUT_RETURN_TYPE = YES_ERROR;
				GCC_WARN_UNDECLARED_SELECTOR = YES;
				GCC_WARN_UNINITIALIZED_AUTOS = YES_AGGRESSIVE;
				GCC_WARN_UNUSED_FUNCTION = YES;
				GCC_WARN_UNUSED_VARIABLE = YES;
				IPHONEOS_DEPLOYMENT_TARGET = 9.0;
				MTL_ENABLE_DEBUG_INFO = YES;
				ONLY_ACTIVE_ARCH = YES;
				SDKROOT = iphoneos;
				SWIFT_OPTIMIZATION_LEVEL = "-Onone";
				TARGETED_DEVICE_FAMILY = "1,2";
			};
			name = Debug;
		};
		C9B0AAD81BC03B4600C940BB /* Release */ = {
			isa = XCBuildConfiguration;
			buildSettings = {
				ALWAYS_SEARCH_USER_PATHS = NO;
				CLANG_CXX_LANGUAGE_STANDARD = "gnu++0x";
				CLANG_CXX_LIBRARY = "libc++";
				CLANG_ENABLE_MODULES = YES;
				CLANG_ENABLE_OBJC_ARC = YES;
				CLANG_WARN_BOOL_CONVERSION = YES;
				CLANG_WARN_CONSTANT_CONVERSION = YES;
				CLANG_WARN_DIRECT_OBJC_ISA_USAGE = YES_ERROR;
				CLANG_WARN_EMPTY_BODY = YES;
				CLANG_WARN_ENUM_CONVERSION = YES;
				CLANG_WARN_INT_CONVERSION = YES;
				CLANG_WARN_OBJC_ROOT_CLASS = YES_ERROR;
				CLANG_WARN_UNREACHABLE_CODE = YES;
				CLANG_WARN__DUPLICATE_METHOD_MATCH = YES;
				"CODE_SIGN_IDENTITY[sdk=iphoneos*]" = "iPhone Developer";
				COPY_PHASE_STRIP = NO;
				DEBUG_INFORMATION_FORMAT = "dwarf-with-dsym";
				ENABLE_NS_ASSERTIONS = NO;
				ENABLE_STRICT_OBJC_MSGSEND = YES;
				GCC_C_LANGUAGE_STANDARD = gnu99;
				GCC_NO_COMMON_BLOCKS = YES;
				GCC_WARN_64_TO_32_BIT_CONVERSION = YES;
				GCC_WARN_ABOUT_RETURN_TYPE = YES_ERROR;
				GCC_WARN_UNDECLARED_SELECTOR = YES;
				GCC_WARN_UNINITIALIZED_AUTOS = YES_AGGRESSIVE;
				GCC_WARN_UNUSED_FUNCTION = YES;
				GCC_WARN_UNUSED_VARIABLE = YES;
				IPHONEOS_DEPLOYMENT_TARGET = 9.0;
				MTL_ENABLE_DEBUG_INFO = NO;
				SDKROOT = iphoneos;
				TARGETED_DEVICE_FAMILY = "1,2";
				VALIDATE_PRODUCT = YES;
			};
			name = Release;
		};
		C9B0AADA1BC03B4600C940BB /* Debug */ = {
			isa = XCBuildConfiguration;
			buildSettings = {
				ASSETCATALOG_COMPILER_APPICON_NAME = AppIcon;
				CODE_SIGN_IDENTITY = "iPhone Developer";
				"CODE_SIGN_IDENTITY[sdk=iphoneos*]" = "iPhone Developer";
				FRAMEWORK_SEARCH_PATHS = (
					"$(inherited)",
					"$(PROJECT_DIR)/FacebookSDKs-iOS-20150910",
				);
				INFOPLIST_FILE = HackRU/Info.plist;
				LD_RUNPATH_SEARCH_PATHS = "$(inherited) @executable_path/Frameworks";
				PRODUCT_BUNDLE_IDENTIFIER = com.AditGupta.HackRU;
				PRODUCT_NAME = "$(TARGET_NAME)";
				PROVISIONING_PROFILE = "";
			};
			name = Debug;
		};
		C9B0AADB1BC03B4600C940BB /* Release */ = {
			isa = XCBuildConfiguration;
			buildSettings = {
				ASSETCATALOG_COMPILER_APPICON_NAME = AppIcon;
				CODE_SIGN_IDENTITY = "iPhone Developer";
				"CODE_SIGN_IDENTITY[sdk=iphoneos*]" = "iPhone Developer";
				FRAMEWORK_SEARCH_PATHS = (
					"$(inherited)",
					"$(PROJECT_DIR)/FacebookSDKs-iOS-20150910",
				);
				INFOPLIST_FILE = HackRU/Info.plist;
				LD_RUNPATH_SEARCH_PATHS = "$(inherited) @executable_path/Frameworks";
				PRODUCT_BUNDLE_IDENTIFIER = com.AditGupta.HackRU;
				PRODUCT_NAME = "$(TARGET_NAME)";
				PROVISIONING_PROFILE = "";
			};
			name = Release;
		};
		C9B0AADD1BC03B4600C940BB /* Debug */ = {
			isa = XCBuildConfiguration;
			buildSettings = {
				BUNDLE_LOADER = "$(TEST_HOST)";
				INFOPLIST_FILE = HackRUTests/Info.plist;
				LD_RUNPATH_SEARCH_PATHS = "$(inherited) @executable_path/Frameworks @loader_path/Frameworks";
				PRODUCT_BUNDLE_IDENTIFIER = com.AditGupta.HackRUTests;
				PRODUCT_NAME = "$(TARGET_NAME)";
				TEST_HOST = "$(BUILT_PRODUCTS_DIR)/HackRU.app/HackRU";
			};
			name = Debug;
		};
		C9B0AADE1BC03B4600C940BB /* Release */ = {
			isa = XCBuildConfiguration;
			buildSettings = {
				BUNDLE_LOADER = "$(TEST_HOST)";
				INFOPLIST_FILE = HackRUTests/Info.plist;
				LD_RUNPATH_SEARCH_PATHS = "$(inherited) @executable_path/Frameworks @loader_path/Frameworks";
				PRODUCT_BUNDLE_IDENTIFIER = com.AditGupta.HackRUTests;
				PRODUCT_NAME = "$(TARGET_NAME)";
				TEST_HOST = "$(BUILT_PRODUCTS_DIR)/HackRU.app/HackRU";
			};
			name = Release;
		};
		C9B0AAE01BC03B4600C940BB /* Debug */ = {
			isa = XCBuildConfiguration;
			buildSettings = {
				INFOPLIST_FILE = HackRUUITests/Info.plist;
				LD_RUNPATH_SEARCH_PATHS = "$(inherited) @executable_path/Frameworks @loader_path/Frameworks";
				PRODUCT_BUNDLE_IDENTIFIER = com.AditGupta.HackRUUITests;
				PRODUCT_NAME = "$(TARGET_NAME)";
				TEST_TARGET_NAME = HackRU;
				USES_XCTRUNNER = YES;
			};
			name = Debug;
		};
		C9B0AAE11BC03B4600C940BB /* Release */ = {
			isa = XCBuildConfiguration;
			buildSettings = {
				INFOPLIST_FILE = HackRUUITests/Info.plist;
				LD_RUNPATH_SEARCH_PATHS = "$(inherited) @executable_path/Frameworks @loader_path/Frameworks";
				PRODUCT_BUNDLE_IDENTIFIER = com.AditGupta.HackRUUITests;
				PRODUCT_NAME = "$(TARGET_NAME)";
				TEST_TARGET_NAME = HackRU;
				USES_XCTRUNNER = YES;
			};
			name = Release;
		};
/* End XCBuildConfiguration section */

/* Begin XCConfigurationList section */
		C9B0AAAC1BC03B4600C940BB /* Build configuration list for PBXProject "HackRU" */ = {
			isa = XCConfigurationList;
			buildConfigurations = (
				C9B0AAD71BC03B4600C940BB /* Debug */,
				C9B0AAD81BC03B4600C940BB /* Release */,
			);
			defaultConfigurationIsVisible = 0;
			defaultConfigurationName = Release;
		};
		C9B0AAD91BC03B4600C940BB /* Build configuration list for PBXNativeTarget "HackRU" */ = {
			isa = XCConfigurationList;
			buildConfigurations = (
				C9B0AADA1BC03B4600C940BB /* Debug */,
				C9B0AADB1BC03B4600C940BB /* Release */,
			);
			defaultConfigurationIsVisible = 0;
			defaultConfigurationName = Release;
		};
		C9B0AADC1BC03B4600C940BB /* Build configuration list for PBXNativeTarget "HackRUTests" */ = {
			isa = XCConfigurationList;
			buildConfigurations = (
				C9B0AADD1BC03B4600C940BB /* Debug */,
				C9B0AADE1BC03B4600C940BB /* Release */,
			);
			defaultConfigurationIsVisible = 0;
			defaultConfigurationName = Release;
		};
		C9B0AADF1BC03B4600C940BB /* Build configuration list for PBXNativeTarget "HackRUUITests" */ = {
			isa = XCConfigurationList;
			buildConfigurations = (
				C9B0AAE01BC03B4600C940BB /* Debug */,
				C9B0AAE11BC03B4600C940BB /* Release */,
			);
			defaultConfigurationIsVisible = 0;
			defaultConfigurationName = Release;
		};
/* End XCConfigurationList section */
	};
	rootObject = C9B0AAA91BC03B4600C940BB /* Project object */;
}
